
Microsoft Visual Studio Solution File, Format Version 12.00
# Visual Studio Version 17
VisualStudioVersion = 17.11.35222.181
MinimumVisualStudioVersion = 10.0.40219.1
Project("{FAE04EC0-301F-11D3-BF4B-00C04F79EFBC}") = "ProyectoFTPSemLenll", "ProyectoFTPSemLenll.csproj", "{9967F662-A958-4660-85BB-A1A3FC94E827}"
EndProject
Global
	GlobalSection(SolutionConfigurationPlatforms) = preSolution
		Debug|Any CPU = Debug|Any CPU
		Release|Any CPU = Release|Any CPU
	EndGlobalSection
	GlobalSection(ProjectConfigurationPlatforms) = postSolution
		{9967F662-A958-4660-85BB-A1A3FC94E827}.Debug|Any CPU.ActiveCfg = Debug|Any CPU
		{9967F662-A958-4660-85BB-A1A3FC94E827}.Debug|Any CPU.Build.0 = Debug|Any CPU
		{9967F662-A958-4660-85BB-A1A3FC94E827}.Release|Any CPU.ActiveCfg = Release|Any CPU
		{9967F662-A958-4660-85BB-A1A3FC94E827}.Release|Any CPU.Build.0 = Release|Any CPU
	EndGlobalSection
	GlobalSection(SolutionProperties) = preSolution
		HideSolutionNode = FALSE
	EndGlobalSection
	GlobalSection(ExtensibilityGlobals) = postSolution
		SolutionGuid = {EE7915B1-4FA5-40E9-8F28-7FAE235A5559}
	EndGlobalSection
EndGlobal
